
Microsoft Visual Studio Solution File, Format Version 12.00
# Visual Studio 14
VisualStudioVersion = 14.0.23107.0
MinimumVisualStudioVersion = 10.0.40219.1
Project("{2150E333-8FDC-42A3-9474-1A3956D46DE8}") = "App1", "App1", "{34051DF8-18BC-4708-A164-5434D7B06060}"
EndProject
Project("{D954291E-2A0B-460D-934E-DC6B0785DB48}") = "App1.Shared", "App1\App1.Shared\App1.Shared.shproj", "{DC6106F1-E1A5-4640-9BD3-3B56E354EDF1}"
EndProject
Project("{FAE04EC0-301F-11D3-BF4B-00C04F79EFBC}") = "App1.Windows", "App1\App1.Windows\App1.Windows.csproj", "{F0A1B646-33B9-4582-976A-073760CF5A94}"
EndProject
Project("{FAE04EC0-301F-11D3-BF4B-00C04F79EFBC}") = "App1.WindowsPhone", "App1\App1.WindowsPhone\App1.WindowsPhone.csproj", "{B68FA0A1-CE33-474F-B3AE-5DFF631B382F}"
EndProject
Global
	GlobalSection(SharedMSBuildProjectFiles) = preSolution
		App1\App1.Shared\App1.Shared.projitems*{f0a1b646-33b9-4582-976a-073760cf5a94}*SharedItemsImports = 4
		App1\App1.Shared\App1.Shared.projitems*{dc6106f1-e1a5-4640-9bd3-3b56e354edf1}*SharedItemsImports = 13
		App1\App1.Shared\App1.Shared.projitems*{b68fa0a1-ce33-474f-b3ae-5dff631b382f}*SharedItemsImports = 4
	EndGlobalSection
	GlobalSection(SolutionConfigurationPlatforms) = preSolution
		Debug|Any CPU = Debug|Any CPU
		Debug|ARM = Debug|ARM
		Debug|x64 = Debug|x64
		Debug|x86 = Debug|x86
		Release|Any CPU = Release|Any CPU
		Release|ARM = Release|ARM
		Release|x64 = Release|x64
		Release|x86 = Release|x86
	EndGlobalSection
	GlobalSection(ProjectConfigurationPlatforms) = postSolution
		{F0A1B646-33B9-4582-976A-073760CF5A94}.Debug|Any CPU.ActiveCfg = Debug|Any CPU
		{F0A1B646-33B9-4582-976A-073760CF5A94}.Debug|Any CPU.Build.0 = Debug|Any CPU
		{F0A1B646-33B9-4582-976A-073760CF5A94}.Debug|Any CPU.Deploy.0 = Debug|Any CPU
		{F0A1B646-33B9-4582-976A-073760CF5A94}.Debug|ARM.ActiveCfg = Debug|ARM
		{F0A1B646-33B9-4582-976A-073760CF5A94}.Debug|ARM.Build.0 = Debug|ARM
		{F0A1B646-33B9-4582-976A-073760CF5A94}.Debug|ARM.Deploy.0 = Debug|ARM
		{F0A1B646-33B9-4582-976A-073760CF5A94}.Debug|x64.ActiveCfg = Debug|x64
		{F0A1B646-33B9-4582-976A-073760CF5A94}.Debug|x64.Build.0 = Debug|x64
		{F0A1B646-33B9-4582-976A-073760CF5A94}.Debug|x64.Deploy.0 = Debug|x64
		{F0A1B646-33B9-4582-976A-073760CF5A94}.Debug|x86.ActiveCfg = Debug|x86
		{F0A1B646-33B9-4582-976A-073760CF5A94}.Debug|x86.Build.0 = Debug|x86
		{F0A1B646-33B9-4582-976A-073760CF5A94}.Debug|x86.Deploy.0 = Debug|x86
		{F0A1B646-33B9-4582-976A-073760CF5A94}.Release|Any CPU.ActiveCfg = Release|Any CPU
		{F0A1B646-33B9-4582-976A-073760CF5A94}.Release|Any CPU.Build.0 = Release|Any CPU
		{F0A1B646-33B9-4582-976A-073760CF5A94}.Release|Any CPU.Deploy.0 = Release|Any CPU
		{F0A1B646-33B9-4582-976A-073760CF5A94}.Release|ARM.ActiveCfg = Release|ARM
		{F0A1B646-33B9-4582-976A-073760CF5A94}.Release|ARM.Build.0 = Release|ARM
		{F0A1B646-33B9-4582-976A-073760CF5A94}.Release|ARM.Deploy.0 = Release|ARM
		{F0A1B646-33B9-4582-976A-073760CF5A94}.Release|x64.ActiveCfg = Release|x64
		{F0A1B646-33B9-4582-976A-073760CF5A94}.Release|x64.Build.0 = Release|x64
		{F0A1B646-33B9-4582-976A-073760CF5A94}.Release|x64.Deploy.0 = Release|x64
		{F0A1B646-33B9-4582-976A-073760CF5A94}.Release|x86.ActiveCfg = Release|x86
		{F0A1B646-33B9-4582-976A-073760CF5A94}.Release|x86.Build.0 = Release|x86
		{F0A1B646-33B9-4582-976A-073760CF5A94}.Release|x86.Deploy.0 = Release|x86
		{B68FA0A1-CE33-474F-B3AE-5DFF631B382F}.Debug|Any CPU.ActiveCfg = Debug|Any CPU
		{B68FA0A1-CE33-474F-B3AE-5DFF631B382F}.Debug|Any CPU.Build.0 = Debug|Any CPU
		{B68FA0A1-CE33-474F-B3AE-5DFF631B382F}.Debug|Any CPU.Deploy.0 = Debug|Any CPU
		{B68FA0A1-CE33-474F-B3AE-5DFF631B382F}.Debug|ARM.ActiveCfg = Debug|ARM
		{B68FA0A1-CE33-474F-B3AE-5DFF631B382F}.Debug|ARM.Build.0 = Debug|ARM
		{B68FA0A1-CE33-474F-B3AE-5DFF631B382F}.Debug|ARM.Deploy.0 = Debug|ARM
		{B68FA0A1-CE33-474F-B3AE-5DFF631B382F}.Debug|x64.ActiveCfg = Debug|Any CPU
		{B68FA0A1-CE33-474F-B3AE-5DFF631B382F}.Debug|x64.Build.0 = Debug|Any CPU
		{B68FA0A1-CE33-474F-B3AE-5DFF631B382F}.Debug|x64.Deploy.0 = Debug|Any CPU
		{B68FA0A1-CE33-474F-B3AE-5DFF631B382F}.Debug|x86.ActiveCfg = Debug|x86
		{B68FA0A1-CE33-474F-B3AE-5DFF631B382F}.Debug|x86.Build.0 = Debug|x86
		{B68FA0A1-CE33-474F-B3AE-5DFF631B382F}.Debug|x86.Deploy.0 = Debug|x86
		{B68FA0A1-CE33-474F-B3AE-5DFF631B382F}.Release|Any CPU.ActiveCfg = Release|Any CPU
		{B68FA0A1-CE33-474F-B3AE-5DFF631B382F}.Release|Any CPU.Build.0 = Release|Any CPU
		{B68FA0A1-CE33-474F-B3AE-5DFF631B382F}.Release|Any CPU.Deploy.0 = Release|Any CPU
		{B68FA0A1-CE33-474F-B3AE-5DFF631B382F}.Release|ARM.ActiveCfg = Release|ARM
		{B68FA0A1-CE33-474F-B3AE-5DFF631B382F}.Release|ARM.Build.0 = Release|ARM
		{B68FA0A1-CE33-474F-B3AE-5DFF631B382F}.Release|ARM.Deploy.0 = Release|ARM
		{B68FA0A1-CE33-474F-B3AE-5DFF631B382F}.Release|x64.ActiveCfg = Release|Any CPU
		{B68FA0A1-CE33-474F-B3AE-5DFF631B382F}.Release|x64.Build.0 = Release|Any CPU
		{B68FA0A1-CE33-474F-B3AE-5DFF631B382F}.Release|x64.Deploy.0 = Release|Any CPU
		{B68FA0A1-CE33-474F-B3AE-5DFF631B382F}.Release|x86.ActiveCfg = Release|x86
		{B68FA0A1-CE33-474F-B3AE-5DFF631B382F}.Release|x86.Build.0 = Release|x86
		{B68FA0A1-CE33-474F-B3AE-5DFF631B382F}.Release|x86.Deploy.0 = Release|x86
	EndGlobalSection
	GlobalSection(SolutionProperties) = preSolution
		HideSolutionNode = FALSE
	EndGlobalSection
	GlobalSection(NestedProjects) = preSolution
		{DC6106F1-E1A5-4640-9BD3-3B56E354EDF1} = {34051DF8-18BC-4708-A164-5434D7B06060}
		{F0A1B646-33B9-4582-976A-073760CF5A94} = {34051DF8-18BC-4708-A164-5434D7B06060}
		{B68FA0A1-CE33-474F-B3AE-5DFF631B382F} = {34051DF8-18BC-4708-A164-5434D7B06060}
	EndGlobalSection
EndGlobal
